
Microsoft Visual Studio Solution File, Format Version 12.00
# Visual Studio 14
VisualStudioVersion = 14.0.24720.0
MinimumVisualStudioVersion = 10.0.40219.1
Project("{FAE04EC0-301F-11D3-BF4B-00C04F79EFBC}") = "RegSim", "RegSim\RegSim.csproj", "{5ED80A40-6988-4A4B-8F0A-1A6241271504}"
EndProject
Project("{FAE04EC0-301F-11D3-BF4B-00C04F79EFBC}") = "HiveCurrentUser", "HiveCurrentUser\HiveCurrentUser.csproj", "{17200355-F9CA-48A8-B5E0-9FDBB6C5435A}"
EndProject
Project("{FAE04EC0-301F-11D3-BF4B-00C04F79EFBC}") = "HiveLocalMachine", "HiveLocalMachine\HiveLocalMachine.csproj", "{0CC47577-B096-4163-A010-3C8FB6BF5D2B}"
EndProject
Project("{FAE04EC0-301F-11D3-BF4B-00C04F79EFBC}") = "HiveClassesRoot", "HiveClassesRoot\HiveClassesRoot.csproj", "{0B56C4F9-7DF6-4AA4-A413-25CEACD1B7D4}"
EndProject
Project("{FAE04EC0-301F-11D3-BF4B-00C04F79EFBC}") = "OnStart", "OnStart\OnStart.csproj", "{CEC7FF3D-A523-4AE1-A8A9-B1DC47AEAE9B}"
EndProject
Project("{FAE04EC0-301F-11D3-BF4B-00C04F79EFBC}") = "Common", "Common\Common.csproj", "{117FE254-018B-44F5-9DEC-24DC5E47B86D}"
EndProject
Project("{FAE04EC0-301F-11D3-BF4B-00C04F79EFBC}") = "KeyPaths", "KeyPaths\KeyPaths.csproj", "{F63C092C-FBEE-4181-806C-9D94874BDB4A}"
EndProject
Global
	GlobalSection(SolutionConfigurationPlatforms) = preSolution
		Debug|Any CPU = Debug|Any CPU
		Release|Any CPU = Release|Any CPU
	EndGlobalSection
	GlobalSection(ProjectConfigurationPlatforms) = postSolution
		{5ED80A40-6988-4A4B-8F0A-1A6241271504}.Debug|Any CPU.ActiveCfg = Debug|Any CPU
		{5ED80A40-6988-4A4B-8F0A-1A6241271504}.Debug|Any CPU.Build.0 = Debug|Any CPU
		{5ED80A40-6988-4A4B-8F0A-1A6241271504}.Release|Any CPU.ActiveCfg = Release|Any CPU
		{5ED80A40-6988-4A4B-8F0A-1A6241271504}.Release|Any CPU.Build.0 = Release|Any CPU
		{17200355-F9CA-48A8-B5E0-9FDBB6C5435A}.Debug|Any CPU.ActiveCfg = Debug|Any CPU
		{17200355-F9CA-48A8-B5E0-9FDBB6C5435A}.Debug|Any CPU.Build.0 = Debug|Any CPU
		{17200355-F9CA-48A8-B5E0-9FDBB6C5435A}.Release|Any CPU.ActiveCfg = Release|Any CPU
		{17200355-F9CA-48A8-B5E0-9FDBB6C5435A}.Release|Any CPU.Build.0 = Release|Any CPU
		{0CC47577-B096-4163-A010-3C8FB6BF5D2B}.Debug|Any CPU.ActiveCfg = Debug|Any CPU
		{0CC47577-B096-4163-A010-3C8FB6BF5D2B}.Debug|Any CPU.Build.0 = Debug|Any CPU
		{0CC47577-B096-4163-A010-3C8FB6BF5D2B}.Release|Any CPU.ActiveCfg = Release|Any CPU
		{0CC47577-B096-4163-A010-3C8FB6BF5D2B}.Release|Any CPU.Build.0 = Release|Any CPU
		{0B56C4F9-7DF6-4AA4-A413-25CEACD1B7D4}.Debug|Any CPU.ActiveCfg = Debug|Any CPU
		{0B56C4F9-7DF6-4AA4-A413-25CEACD1B7D4}.Debug|Any CPU.Build.0 = Debug|Any CPU
		{0B56C4F9-7DF6-4AA4-A413-25CEACD1B7D4}.Release|Any CPU.ActiveCfg = Release|Any CPU
		{0B56C4F9-7DF6-4AA4-A413-25CEACD1B7D4}.Release|Any CPU.Build.0 = Release|Any CPU
		{CEC7FF3D-A523-4AE1-A8A9-B1DC47AEAE9B}.Debug|Any CPU.ActiveCfg = Debug|Any CPU
		{CEC7FF3D-A523-4AE1-A8A9-B1DC47AEAE9B}.Debug|Any CPU.Build.0 = Debug|Any CPU
		{CEC7FF3D-A523-4AE1-A8A9-B1DC47AEAE9B}.Release|Any CPU.ActiveCfg = Release|Any CPU
		{CEC7FF3D-A523-4AE1-A8A9-B1DC47AEAE9B}.Release|Any CPU.Build.0 = Release|Any CPU
		{117FE254-018B-44F5-9DEC-24DC5E47B86D}.Debug|Any CPU.ActiveCfg = Debug|Any CPU
		{117FE254-018B-44F5-9DEC-24DC5E47B86D}.Debug|Any CPU.Build.0 = Debug|Any CPU
		{117FE254-018B-44F5-9DEC-24DC5E47B86D}.Release|Any CPU.ActiveCfg = Release|Any CPU
		{117FE254-018B-44F5-9DEC-24DC5E47B86D}.Release|Any CPU.Build.0 = Release|Any CPU
		{F63C092C-FBEE-4181-806C-9D94874BDB4A}.Debug|Any CPU.ActiveCfg = Debug|Any CPU
		{F63C092C-FBEE-4181-806C-9D94874BDB4A}.Debug|Any CPU.Build.0 = Debug|Any CPU
		{F63C092C-FBEE-4181-806C-9D94874BDB4A}.Release|Any CPU.ActiveCfg = Release|Any CPU
		{F63C092C-FBEE-4181-806C-9D94874BDB4A}.Release|Any CPU.Build.0 = Release|Any CPU
	EndGlobalSection
	GlobalSection(SolutionProperties) = preSolution
		HideSolutionNode = FALSE
	EndGlobalSection
EndGlobal
